
Microsoft Visual Studio Solution File, Format Version 12.00
# Visual Studio 2012
Project("{FAE04EC0-301F-11D3-BF4B-00C04F79EFBC}") = "XmlCompare", "XmlCompare\XmlCompare.csproj", "{066610E2-E197-4B05-ADF7-C93D144A99F1}"
EndProject
Project("{FAE04EC0-301F-11D3-BF4B-00C04F79EFBC}") = "Tryout", "Tryout\Tryout.csproj", "{3EA39C3C-EAE7-40CA-949B-D43492F52F0B}"
EndProject
Global
	GlobalSection(SolutionConfigurationPlatforms) = preSolution
		Debug|Any CPU = Debug|Any CPU
		Release|Any CPU = Release|Any CPU
	EndGlobalSection
	GlobalSection(ProjectConfigurationPlatforms) = postSolution
		{066610E2-E197-4B05-ADF7-C93D144A99F1}.Debug|Any CPU.ActiveCfg = Debug|Any CPU
		{066610E2-E197-4B05-ADF7-C93D144A99F1}.Debug|Any CPU.Build.0 = Debug|Any CPU
		{066610E2-E197-4B05-ADF7-C93D144A99F1}.Release|Any CPU.ActiveCfg = Release|Any CPU
		{066610E2-E197-4B05-ADF7-C93D144A99F1}.Release|Any CPU.Build.0 = Release|Any CPU
		{3EA39C3C-EAE7-40CA-949B-D43492F52F0B}.Debug|Any CPU.ActiveCfg = Debug|Any CPU
		{3EA39C3C-EAE7-40CA-949B-D43492F52F0B}.Debug|Any CPU.Build.0 = Debug|Any CPU
		{3EA39C3C-EAE7-40CA-949B-D43492F52F0B}.Release|Any CPU.ActiveCfg = Release|Any CPU
		{3EA39C3C-EAE7-40CA-949B-D43492F52F0B}.Release|Any CPU.Build.0 = Release|Any CPU
	EndGlobalSection
	GlobalSection(SolutionProperties) = preSolution
		HideSolutionNode = FALSE
	EndGlobalSection
EndGlobal
